// !$*UTF8*$!
{
	archiveVersion = 1;
	classes = {
	};
	objectVersion = 46;
	objects = {

/* Begin PBXBuildFile section */
		EC1748231C8421BA0044612B /* AppDelegate.swift in Sources */ = {isa = PBXBuildFile; fileRef = EC1748221C8421BA0044612B /* AppDelegate.swift */; };
		EC1748251C8421BA0044612B /* ViewController.swift in Sources */ = {isa = PBXBuildFile; fileRef = EC1748241C8421BA0044612B /* ViewController.swift */; };
		EC1748281C8421BA0044612B /* Main.storyboard in Resources */ = {isa = PBXBuildFile; fileRef = EC1748261C8421BA0044612B /* Main.storyboard */; };
		EC17482A1C8421BB0044612B /* Assets.xcassets in Resources */ = {isa = PBXBuildFile; fileRef = EC1748291C8421BB0044612B /* Assets.xcassets */; };
		EC17482D1C8421BB0044612B /* LaunchScreen.storyboard in Resources */ = {isa = PBXBuildFile; fileRef = EC17482B1C8421BB0044612B /* LaunchScreen.storyboard */; };
		EC45D2CE1C8BB6C400451B7B /* ResultViewController.swift in Sources */ = {isa = PBXBuildFile; fileRef = EC45D2CD1C8BB6C400451B7B /* ResultViewController.swift */; };
/* End PBXBuildFile section */

/* Begin PBXFileReference section */
		EC17481F1C8421BA0044612B /* SecondKadaiApp.app */ = {isa = PBXFileReference; explicitFileType = wrapper.application; includeInIndex = 0; path = SecondKadaiApp.app; sourceTree = BUILT_PRODUCTS_DIR; };
		EC1748221C8421BA0044612B /* AppDelegate.swift */ = {isa = PBXFileReference; lastKnownFileType = sourcecode.swift; path = AppDelegate.swift; sourceTree = "<group>"; };
		EC1748241C8421BA0044612B /* ViewController.swift */ = {isa = PBXFileReference; lastKnownFileType = sourcecode.swift; path = ViewController.swift; sourceTree = "<group>"; };
		EC1748271C8421BA0044612B /* Base */ = {isa = PBXFileReference; lastKnownFileType = file.storyboard; name = Base; path = Base.lproj/Main.storyboard; sourceTree = "<group>"; };
		EC1748291C8421BB0044612B /* Assets.xcassets */ = {isa = PBXFileReference; lastKnownFileType = folder.assetcatalog; path = Assets.xcassets; sourceTree = "<group>"; };
		EC17482C1C8421BB0044612B /* Base */ = {isa = PBXFileReference; lastKnownFileType = file.storyboard; name = Base; path = Base.lproj/LaunchScreen.storyboard; sourceTree = "<group>"; };
		EC17482E1C8421BB0044612B /* Info.plist */ = {isa = PBXFileReference; lastKnownFileType = text.plist.xml; path = Info.plist; sourceTree = "<group>"; };
		EC45D2CD1C8BB6C400451B7B /* ResultViewController.swift */ = {isa = PBXFileReference; fileEncoding = 4; lastKnownFileType = sourcecode.swift; path = ResultViewController.swift; sourceTree = "<group>"; };
/* End PBXFileReference section */

/* Begin PBXFrameworksBuildPhase section */
		EC17481C1C8421BA0044612B /* Frameworks */ = {
			isa = PBXFrameworksBuildPhase;
			buildActionMask = 2147483647;
			files = (
			);
			runOnlyForDeploymentPostprocessing = 0;
		};
/* End PBXFrameworksBuildPhase section */

/* Begin PBXGroup section */
		EC1748161C8421BA0044612B = {
			isa = PBXGroup;
			children = (
				EC1748211C8421BA0044612B /* SecondKadaiApp */,
				EC1748201C8421BA0044612B /* Products */,
			);
			sourceTree = "<group>";
		};
		EC1748201C8421BA0044612B /* Products */ = {
			isa = PBXGroup;
			children = (
				EC17481F1C8421BA0044612B /* SecondKadaiApp.app */,
			);
			name = Products;
			sourceTree = "<group>";
		};
		EC1748211C8421BA0044612B /* SecondKadaiApp */ = {
			isa = PBXGroup;
			children = (
				EC1748221C8421BA0044612B /* AppDelegate.swift */,
				EC1748241C8421BA0044612B /* ViewController.swift */,
				EC1748261C8421BA0044612B /* Main.storyboard */,
				EC45D2CD1C8BB6C400451B7B /* ResultViewController.swift */,
				EC1748291C8421BB0044612B /* Assets.xcassets */,
				EC17482B1C8421BB0044612B /* LaunchScreen.storyboard */,
				EC17482E1C8421BB0044612B /* Info.plist */,
			);
			path = SecondKadaiApp;
			sourceTree = "<group>";
		};
/* End PBXGroup section */

/* Begin PBXNativeTarget section */
		EC17481E1C8421BA0044612B /* SecondKadaiApp */ = {
			isa = PBXNativeTarget;
			buildConfigurationList = EC1748311C8421BB0044612B /* Build configuration list for PBXNativeTarget "SecondKadaiApp" */;
			buildPhases = (
				EC17481B1C8421BA0044612B /* Sources */,
				EC17481C1C8421BA0044612B /* Frameworks */,
				EC17481D1C8421BA0044612B /* Resources */,
			);
			buildRules = (
			);
			dependencies = (
			);
			name = SecondKadaiApp;
			productName = SecondKadaiApp;
			productReference = EC17481F1C8421BA0044612B /* SecondKadaiApp.app */;
			productType = "com.apple.product-type.application";
		};
/* End PBXNativeTarget section */

/* Begin PBXProject section */
		EC1748171C8421BA0044612B /* Project object */ = {
			isa = PBXProject;
			attributes = {
				LastSwiftUpdateCheck = 0720;
				LastUpgradeCheck = 0720;
				ORGANIZATIONNAME = kiyoko.ohashi;
				TargetAttributes = {
					EC17481E1C8421BA0044612B = {
						CreatedOnToolsVersion = 7.2;
					};
				};
			};
			buildConfigurationList = EC17481A1C8421BA0044612B /* Build configuration list for PBXProject "SecondKadaiApp" */;
			compatibilityVersion = "Xcode 3.2";
			developmentRegion = English;
			hasScannedForEncodings = 0;
			knownRegions = (
				en,
				Base,
			);
			mainGroup = EC1748161C8421BA0044612B;
			productRefGroup = EC1748201C8421BA0044612B /* Products */;
			projectDirPath = "";
			projectRoot = "";
			targets = (
				EC17481E1C8421BA0044612B /* SecondKadaiApp */,
			);
		};
/* End PBXProject section */

/* Begin PBXResourcesBuildPhase section */
		EC17481D1C8421BA0044612B /* Resources */ = {
			isa = PBXResourcesBuildPhase;
			buildActionMask = 2147483647;
			files = (
				EC17482D1C8421BB0044612B /* LaunchScreen.storyboard in Resources */,
				EC17482A1C8421BB0044612B /* Assets.xcassets in Resources */,
				EC1748281C8421BA0044612B /* Main.storyboard in Resources */,
			);
			runOnlyForDeploymentPostprocessing = 0;
		};
/* End PBXResourcesBuildPhase section */

/* Begin PBXSourcesBuildPhase section */
		EC17481B1C8421BA0044612B /* Sources */ = {
			isa = PBXSourcesBuildPhase;
			buildActionMask = 2147483647;
			files = (
				EC1748251C8421BA0044612B /* ViewController.swift in Sources */,
				EC1748231C8421BA0044612B /* AppDelegate.swift in Sources */,
				EC45D2CE1C8BB6C400451B7B /* ResultViewController.swift in Sources */,
			);
			runOnlyForDeploymentPostprocessing = 0;
		};
/* End PBXSourcesBuildPhase section */

/* Begin PBXVariantGroup section */
		EC1748261C8421BA0044612B /* Main.storyboard */ = {
			isa = PBXVariantGroup;
			children = (
				EC1748271C8421BA0044612B /* Base */,
			);
			name = Main.storyboard;
			sourceTree = "<group>";
		};
		EC17482B1C8421BB0044612B /* LaunchScreen.storyboard */ = {
			isa = PBXVariantGroup;
			children = (
				EC17482C1C8421BB0044612B /* Base */,
			);
			name = LaunchScreen.storyboard;
			sourceTree = "<group>";
		};
/* End PBXVariantGroup section */

/* Begin XCBuildConfiguration section */
		EC17482F1C8421BB0044612B /* Debug */ = {
			isa = XCBuildConfiguration;
			buildSettings = {
				ALWAYS_SEARCH_USER_PATHS = NO;
				CLANG_CXX_LANGUAGE_STANDARD = "gnu++0x";
				CLANG_CXX_LIBRARY = "libc++";
				CLANG_ENABLE_MODULES = YES;
				CLANG_ENABLE_OBJC_ARC = YES;
				CLANG_WARN_BOOL_CONVERSION = YES;
				CLANG_WARN_CONSTANT_CONVERSION = YES;
				CLANG_WARN_DIRECT_OBJC_ISA_USAGE = YES_ERROR;
				CLANG_WARN_EMPTY_BODY = YES;
				CLANG_WARN_ENUM_CONVERSION = YES;
				CLANG_WARN_INT_CONVERSION = YES;
				CLANG_WARN_OBJC_ROOT_CLASS = YES_ERROR;
				CLANG_WARN_UNREACHABLE_CODE = YES;
				CLANG_WARN__DUPLICATE_METHOD_MATCH = YES;
				"CODE_SIGN_IDENTITY[sdk=iphoneos*]" = "iPhone Developer";
				COPY_PHASE_STRIP = NO;
				DEBUG_INFORMATION_FORMAT = dwarf;
				ENABLE_STRICT_OBJC_MSGSEND = YES;
				ENABLE_TESTABILITY = YES;
				GCC_C_LANGUAGE_STANDARD = gnu99;
				GCC_DYNAMIC_NO_PIC = NO;
				GCC_NO_COMMON_BLOCKS = YES;
				GCC_OPTIMIZATION_LEVEL = 0;
				GCC_PREPROCESSOR_DEFINITIONS = (
					"DEBUG=1",
					"$(inherited)",
				);
				GCC_WARN_64_TO_32_BIT_CONVERSION = YES;
				GCC_WARN_ABOUT_RETURN_TYPE = YES_ERROR;
				GCC_WARN_UNDECLARED_SELECTOR = YES;
				GCC_WARN_UNINITIALIZED_AUTOS = YES_AGGRESSIVE;
				GCC_WARN_UNUSED_FUNCTION = YES;
				GCC_WARN_UNUSED_VARIABLE = YES;
				IPHONEOS_DEPLOYMENT_TARGET = 9.2;
				MTL_ENABLE_DEBUG_INFO = YES;
				ONLY_ACTIVE_ARCH = YES;
				SDKROOT = iphoneos;
				SWIFT_OPTIMIZATION_LEVEL = "-Onone";
			};
			name = Debug;
		};
		EC1748301C8421BB0044612B /* Release */ = {
			isa = XCBuildConfiguration;
			buildSettings = {
				ALWAYS_SEARCH_USER_PATHS = NO;
				CLANG_CXX_LANGUAGE_STANDARD = "gnu++0x";
				CLANG_CXX_LIBRARY = "libc++";
				CLANG_ENABLE_MODULES = YES;
				CLANG_ENABLE_OBJC_ARC = YES;
				CLANG_WARN_BOOL_CONVERSION = YES;
				CLANG_WARN_CONSTANT_CONVERSION = YES;
				CLANG_WARN_DIRECT_OBJC_ISA_USAGE = YES_ERROR;
				CLANG_WARN_EMPTY_BODY = YES;
				CLANG_WARN_ENUM_CONVERSION = YES;
				CLANG_WARN_INT_CONVERSION = YES;
				CLANG_WARN_OBJC_ROOT_CLASS = YES_ERROR;
				CLANG_WARN_UNREACHABLE_CODE = YES;
				CLANG_WARN__DUPLICATE_METHOD_MATCH = YES;
				"CODE_SIGN_IDENTITY[sdk=iphoneos*]" = "iPhone Developer";
				COPY_PHASE_STRIP = NO;
				DEBUG_INFORMATION_FORMAT = "dwarf-with-dsym";
				ENABLE_NS_ASSERTIONS = NO;
				ENABLE_STRICT_OBJC_MSGSEND = YES;
				GCC_C_LANGUAGE_STANDARD = gnu99;
				GCC_NO_COMMON_BLOCKS = YES;
				GCC_WARN_64_TO_32_BIT_CONVERSION = YES;
				GCC_WARN_ABOUT_RETURN_TYPE = YES_ERROR;
				GCC_WARN_UNDECLARED_SELECTOR = YES;
				GCC_WARN_UNINITIALIZED_AUTOS = YES_AGGRESSIVE;
				GCC_WARN_UNUSED_FUNCTION = YES;
				GCC_WARN_UNUSED_VARIABLE = YES;
				IPHONEOS_DEPLOYMENT_TARGET = 9.2;
				MTL_ENABLE_DEBUG_INFO = NO;
				SDKROOT = iphoneos;
				VALIDATE_PRODUCT = YES;
			};
			name = Release;
		};
		EC1748321C8421BB0044612B /* Debug */ = {
			isa = XCBuildConfiguration;
			buildSettings = {
				ASSETCATALOG_COMPILER_APPICON_NAME = AppIcon;
				INFOPLIST_FILE = SecondKadaiApp/Info.plist;
				LD_RUNPATH_SEARCH_PATHS = "$(inherited) @executable_path/Frameworks";
				PRODUCT_BUNDLE_IDENTIFIER = jp.techacademy.kiyoko.ohashi.SecondKadaiApp;
				PRODUCT_NAME = "$(TARGET_NAME)";
			};
			name = Debug;
		};
		EC1748331C8421BB0044612B /* Release */ = {
			isa = XCBuildConfiguration;
			buildSettings = {
				ASSETCATALOG_COMPILER_APPICON_NAME = AppIcon;
				INFOPLIST_FILE = SecondKadaiApp/Info.plist;
				LD_RUNPATH_SEARCH_PATHS = "$(inherited) @executable_path/Frameworks";
				PRODUCT_BUNDLE_IDENTIFIER = jp.techacademy.kiyoko.ohashi.SecondKadaiApp;
				PRODUCT_NAME = "$(TARGET_NAME)";
			};
			name = Release;
		};
/* End XCBuildConfiguration section */

/* Begin XCConfigurationList section */
		EC17481A1C8421BA0044612B /* Build configuration list for PBXProject "SecondKadaiApp" */ = {
			isa = XCConfigurationList;
			buildConfigurations = (
				EC17482F1C8421BB0044612B /* Debug */,
				EC1748301C8421BB0044612B /* Release */,
			);
			defaultConfigurationIsVisible = 0;
			defaultConfigurationName = Release;
		};
		EC1748311C8421BB0044612B /* Build configuration list for PBXNativeTarget "SecondKadaiApp" */ = {
			isa = XCConfigurationList;
			buildConfigurations = (
				EC1748321C8421BB0044612B /* Debug */,
				EC1748331C8421BB0044612B /* Release */,
			);
			defaultConfigurationIsVisible = 0;
			defaultConfigurationName = Release;
		};
/* End XCConfigurationList section */
	};
	rootObject = EC1748171C8421BA0044612B /* Project object */;
}
